# THIS IS AN AUTOGENERATED FILE. DO NOT EDIT THIS FILE DIRECTLY.
# yarn lockfile v1


react-localstorage@^1.0.0:
  version "1.0.0"
  resolved "https://registry.yarnpkg.com/react-localstorage/-/react-localstorage-1.0.0.tgz#469e49f1fc0f4e91b86b1a8f84c3e2eb512b3519"
  integrity sha512-SxB6UmK+z8YsAfdWxXIciJaXsliysSZkiUMcHm6vMvqV7A/fXe5NTmXGTevkk21ZZePLH0vvBH9SxsmJloNknA==

react-use-localstorage@^3.5.3:
  version "3.5.3"
  resolved "https://registry.yarnpkg.com/react-use-localstorage/-/react-use-localstorage-3.5.3.tgz#c4bcc097859a2d2879e969f0a57b16345905df82"
  integrity sha512-1oNvJmo72G4v5P9ytJZZTb6ywD3UzWBiainTtfbNlb+U08hc+SOD5HqgiLTKUF0MxGcIR9JSnZGmBttNLXaQYA==
